
Microsoft Visual Studio Solution File, Format Version 12.00
# Visual Studio Version 17
VisualStudioVersion = 17.5.33414.496
MinimumVisualStudioVersion = 10.0.40219.1
Project("{FAE04EC0-301F-11D3-BF4B-00C04F79EFBC}") = "Task Management System", "Task Management System\Task Management System.csproj", "{EE35DA46-512A-40EE-82C9-BE51E322B549}"
EndProject
Global
	GlobalSection(SolutionConfigurationPlatforms) = preSolution
		Debug|Any CPU = Debug|Any CPU
		Release|Any CPU = Release|Any CPU
	EndGlobalSection
	GlobalSection(ProjectConfigurationPlatforms) = postSolution
		{EE35DA46-512A-40EE-82C9-BE51E322B549}.Debug|Any CPU.ActiveCfg = Debug|Any CPU
		{EE35DA46-512A-40EE-82C9-BE51E322B549}.Debug|Any CPU.Build.0 = Debug|Any CPU
		{EE35DA46-512A-40EE-82C9-BE51E322B549}.Release|Any CPU.ActiveCfg = Release|Any CPU
		{EE35DA46-512A-40EE-82C9-BE51E322B549}.Release|Any CPU.Build.0 = Release|Any CPU
	EndGlobalSection
	GlobalSection(SolutionProperties) = preSolution
		HideSolutionNode = FALSE
	EndGlobalSection
	GlobalSection(ExtensibilityGlobals) = postSolution
		SolutionGuid = {2784977E-6079-47E7-A329-5BABF8F8E192}
	EndGlobalSection
EndGlobal
